// !$*UTF8*$!
{
	archiveVersion = 1;
	classes = {
	};
	objectVersion = 50;
	objects = {

/* Begin PBXBuildFile section */
		902EB23F20E943B200F6BAF5 /* Product.swift in Sources */ = {isa = PBXBuildFile; fileRef = 902EB23E20E943B200F6BAF5 /* Product.swift */; };
		902EB24220E946AE00F6BAF5 /* ProductsData.plist in Resources */ = {isa = PBXBuildFile; fileRef = 902EB24120E946AE00F6BAF5 /* ProductsData.plist */; };
		902EB24520E947A500F6BAF5 /* PlistLoader.swift in Sources */ = {isa = PBXBuildFile; fileRef = 902EB24420E947A500F6BAF5 /* PlistLoader.swift */; };
		902EB24720E9494300F6BAF5 /* ProductSource.swift in Sources */ = {isa = PBXBuildFile; fileRef = 902EB24620E9494300F6BAF5 /* ProductSource.swift */; };
		902EB24A20E94D5600F6BAF5 /* ProductCell.swift in Sources */ = {isa = PBXBuildFile; fileRef = 902EB24920E94D5600F6BAF5 /* ProductCell.swift */; };
		904F1C8320E9D83000FBE391 /* ProductDetailViewController.swift in Sources */ = {isa = PBXBuildFile; fileRef = 904F1C8220E9D83000FBE391 /* ProductDetailViewController.swift */; };
		907C241E20E4062900396739 /* AppDelegate.swift in Sources */ = {isa = PBXBuildFile; fileRef = 907C241D20E4062900396739 /* AppDelegate.swift */; };
		907C242020E4062900396739 /* MainViewController.swift in Sources */ = {isa = PBXBuildFile; fileRef = 907C241F20E4062900396739 /* MainViewController.swift */; };
		907C242320E4062900396739 /* Main.storyboard in Resources */ = {isa = PBXBuildFile; fileRef = 907C242120E4062900396739 /* Main.storyboard */; };
		907C242520E4062B00396739 /* Assets.xcassets in Resources */ = {isa = PBXBuildFile; fileRef = 907C242420E4062B00396739 /* Assets.xcassets */; };
		907C242820E4062B00396739 /* LaunchScreen.storyboard in Resources */ = {isa = PBXBuildFile; fileRef = 907C242620E4062B00396739 /* LaunchScreen.storyboard */; };
		907C243020E406F800396739 /* ProductsListTableViewController.swift in Sources */ = {isa = PBXBuildFile; fileRef = 907C242F20E406F800396739 /* ProductsListTableViewController.swift */; };
		907C243220E4071700396739 /* SaleTableViewController.swift in Sources */ = {isa = PBXBuildFile; fileRef = 907C243120E4071700396739 /* SaleTableViewController.swift */; };
/* End PBXBuildFile section */

/* Begin PBXFileReference section */
		902EB23E20E943B200F6BAF5 /* Product.swift */ = {isa = PBXFileReference; lastKnownFileType = sourcecode.swift; path = Product.swift; sourceTree = "<group>"; };
		902EB24120E946AE00F6BAF5 /* ProductsData.plist */ = {isa = PBXFileReference; lastKnownFileType = text.plist.xml; path = ProductsData.plist; sourceTree = "<group>"; };
		902EB24420E947A500F6BAF5 /* PlistLoader.swift */ = {isa = PBXFileReference; lastKnownFileType = sourcecode.swift; path = PlistLoader.swift; sourceTree = "<group>"; };
		902EB24620E9494300F6BAF5 /* ProductSource.swift */ = {isa = PBXFileReference; lastKnownFileType = sourcecode.swift; path = ProductSource.swift; sourceTree = "<group>"; };
		902EB24920E94D5600F6BAF5 /* ProductCell.swift */ = {isa = PBXFileReference; lastKnownFileType = sourcecode.swift; path = ProductCell.swift; sourceTree = "<group>"; };
		904F1C8220E9D83000FBE391 /* ProductDetailViewController.swift */ = {isa = PBXFileReference; lastKnownFileType = sourcecode.swift; path = ProductDetailViewController.swift; sourceTree = "<group>"; };
		907C241A20E4062900396739 /* Supermarket.app */ = {isa = PBXFileReference; explicitFileType = wrapper.application; includeInIndex = 0; path = Supermarket.app; sourceTree = BUILT_PRODUCTS_DIR; };
		907C241D20E4062900396739 /* AppDelegate.swift */ = {isa = PBXFileReference; lastKnownFileType = sourcecode.swift; path = AppDelegate.swift; sourceTree = "<group>"; };
		907C241F20E4062900396739 /* MainViewController.swift */ = {isa = PBXFileReference; lastKnownFileType = sourcecode.swift; path = MainViewController.swift; sourceTree = "<group>"; };
		907C242220E4062900396739 /* Base */ = {isa = PBXFileReference; lastKnownFileType = file.storyboard; name = Base; path = Base.lproj/Main.storyboard; sourceTree = "<group>"; };
		907C242420E4062B00396739 /* Assets.xcassets */ = {isa = PBXFileReference; lastKnownFileType = folder.assetcatalog; path = Assets.xcassets; sourceTree = "<group>"; };
		907C242720E4062B00396739 /* Base */ = {isa = PBXFileReference; lastKnownFileType = file.storyboard; name = Base; path = Base.lproj/LaunchScreen.storyboard; sourceTree = "<group>"; };
		907C242920E4062B00396739 /* Info.plist */ = {isa = PBXFileReference; lastKnownFileType = text.plist.xml; path = Info.plist; sourceTree = "<group>"; };
		907C242F20E406F800396739 /* ProductsListTableViewController.swift */ = {isa = PBXFileReference; lastKnownFileType = sourcecode.swift; path = ProductsListTableViewController.swift; sourceTree = "<group>"; };
		907C243120E4071700396739 /* SaleTableViewController.swift */ = {isa = PBXFileReference; lastKnownFileType = sourcecode.swift; path = SaleTableViewController.swift; sourceTree = "<group>"; };
/* End PBXFileReference section */

/* Begin PBXFrameworksBuildPhase section */
		907C241720E4062900396739 /* Frameworks */ = {
			isa = PBXFrameworksBuildPhase;
			buildActionMask = 2147483647;
			files = (
			);
			runOnlyForDeploymentPostprocessing = 0;
		};
/* End PBXFrameworksBuildPhase section */

/* Begin PBXGroup section */
		902EB23A20E9424700F6BAF5 /* Data */ = {
			isa = PBXGroup;
			children = (
				902EB24120E946AE00F6BAF5 /* ProductsData.plist */,
			);
			path = Data;
			sourceTree = "<group>";
		};
		902EB23D20E9439F00F6BAF5 /* Models */ = {
			isa = PBXGroup;
			children = (
				902EB23E20E943B200F6BAF5 /* Product.swift */,
			);
			path = Models;
			sourceTree = "<group>";
		};
		902EB24020E9466700F6BAF5 /* View Controllers */ = {
			isa = PBXGroup;
			children = (
				907C241F20E4062900396739 /* MainViewController.swift */,
				907C242F20E406F800396739 /* ProductsListTableViewController.swift */,
				904F1C8220E9D83000FBE391 /* ProductDetailViewController.swift */,
				907C243120E4071700396739 /* SaleTableViewController.swift */,
			);
			path = "View Controllers";
			sourceTree = "<group>";
		};
		902EB24320E9478E00F6BAF5 /* Helpers */ = {
			isa = PBXGroup;
			children = (
				902EB24420E947A500F6BAF5 /* PlistLoader.swift */,
				902EB24620E9494300F6BAF5 /* ProductSource.swift */,
			);
			path = Helpers;
			sourceTree = "<group>";
		};
		902EB24820E94D3E00F6BAF5 /* Views */ = {
			isa = PBXGroup;
			children = (
				902EB24920E94D5600F6BAF5 /* ProductCell.swift */,
			);
			path = Views;
			sourceTree = "<group>";
		};
		907C241120E4062900396739 = {
			isa = PBXGroup;
			children = (
				907C241C20E4062900396739 /* Supermarket */,
				907C241B20E4062900396739 /* Products */,
			);
			sourceTree = "<group>";
		};
		907C241B20E4062900396739 /* Products */ = {
			isa = PBXGroup;
			children = (
				907C241A20E4062900396739 /* Supermarket.app */,
			);
			name = Products;
			sourceTree = "<group>";
		};
		907C241C20E4062900396739 /* Supermarket */ = {
			isa = PBXGroup;
			children = (
				907C241D20E4062900396739 /* AppDelegate.swift */,
				902EB24020E9466700F6BAF5 /* View Controllers */,
				907C242120E4062900396739 /* Main.storyboard */,
				902EB24820E94D3E00F6BAF5 /* Views */,
				902EB23D20E9439F00F6BAF5 /* Models */,
				902EB23A20E9424700F6BAF5 /* Data */,
				902EB24320E9478E00F6BAF5 /* Helpers */,
				907C242420E4062B00396739 /* Assets.xcassets */,
				907C242620E4062B00396739 /* LaunchScreen.storyboard */,
				907C242920E4062B00396739 /* Info.plist */,
			);
			path = Supermarket;
			sourceTree = "<group>";
		};
/* End PBXGroup section */

/* Begin PBXNativeTarget section */
		907C241920E4062900396739 /* Supermarket */ = {
			isa = PBXNativeTarget;
			buildConfigurationList = 907C242C20E4062B00396739 /* Build configuration list for PBXNativeTarget "Supermarket" */;
			buildPhases = (
				907C241620E4062900396739 /* Sources */,
				907C241720E4062900396739 /* Frameworks */,
				907C241820E4062900396739 /* Resources */,
			);
			buildRules = (
			);
			dependencies = (
			);
			name = Supermarket;
			productName = Supermarket;
			productReference = 907C241A20E4062900396739 /* Supermarket.app */;
			productType = "com.apple.product-type.application";
		};
/* End PBXNativeTarget section */

/* Begin PBXProject section */
		907C241220E4062900396739 /* Project object */ = {
			isa = PBXProject;
			attributes = {
				LastSwiftUpdateCheck = 0940;
				LastUpgradeCheck = 0940;
				ORGANIZATIONNAME = "Kirill Koleno";
				TargetAttributes = {
					907C241920E4062900396739 = {
						CreatedOnToolsVersion = 9.4.1;
					};
				};
			};
			buildConfigurationList = 907C241520E4062900396739 /* Build configuration list for PBXProject "Supermarket" */;
			compatibilityVersion = "Xcode 9.3";
			developmentRegion = en;
			hasScannedForEncodings = 0;
			knownRegions = (
				en,
				Base,
			);
			mainGroup = 907C241120E4062900396739;
			productRefGroup = 907C241B20E4062900396739 /* Products */;
			projectDirPath = "";
			projectRoot = "";
			targets = (
				907C241920E4062900396739 /* Supermarket */,
			);
		};
/* End PBXProject section */

/* Begin PBXResourcesBuildPhase section */
		907C241820E4062900396739 /* Resources */ = {
			isa = PBXResourcesBuildPhase;
			buildActionMask = 2147483647;
			files = (
				907C242820E4062B00396739 /* LaunchScreen.storyboard in Resources */,
				907C242520E4062B00396739 /* Assets.xcassets in Resources */,
				902EB24220E946AE00F6BAF5 /* ProductsData.plist in Resources */,
				907C242320E4062900396739 /* Main.storyboard in Resources */,
			);
			runOnlyForDeploymentPostprocessing = 0;
		};
/* End PBXResourcesBuildPhase section */

/* Begin PBXSourcesBuildPhase section */
		907C241620E4062900396739 /* Sources */ = {
			isa = PBXSourcesBuildPhase;
			buildActionMask = 2147483647;
			files = (
				902EB24720E9494300F6BAF5 /* ProductSource.swift in Sources */,
				907C243220E4071700396739 /* SaleTableViewController.swift in Sources */,
				904F1C8320E9D83000FBE391 /* ProductDetailViewController.swift in Sources */,
				902EB24520E947A500F6BAF5 /* PlistLoader.swift in Sources */,
				907C242020E4062900396739 /* MainViewController.swift in Sources */,
				907C241E20E4062900396739 /* AppDelegate.swift in Sources */,
				902EB24A20E94D5600F6BAF5 /* ProductCell.swift in Sources */,
				907C243020E406F800396739 /* ProductsListTableViewController.swift in Sources */,
				902EB23F20E943B200F6BAF5 /* Product.swift in Sources */,
			);
			runOnlyForDeploymentPostprocessing = 0;
		};
/* End PBXSourcesBuildPhase section */

/* Begin PBXVariantGroup section */
		907C242120E4062900396739 /* Main.storyboard */ = {
			isa = PBXVariantGroup;
			children = (
				907C242220E4062900396739 /* Base */,
			);
			name = Main.storyboard;
			sourceTree = "<group>";
		};
		907C242620E4062B00396739 /* LaunchScreen.storyboard */ = {
			isa = PBXVariantGroup;
			children = (
				907C242720E4062B00396739 /* Base */,
			);
			name = LaunchScreen.storyboard;
			sourceTree = "<group>";
		};
/* End PBXVariantGroup section */

/* Begin XCBuildConfiguration section */
		907C242A20E4062B00396739 /* Debug */ = {
			isa = XCBuildConfiguration;
			buildSettings = {
				ALWAYS_SEARCH_USER_PATHS = NO;
				CLANG_ANALYZER_NONNULL = YES;
				CLANG_ANALYZER_NUMBER_OBJECT_CONVERSION = YES_AGGRESSIVE;
				CLANG_CXX_LANGUAGE_STANDARD = "gnu++14";
				CLANG_CXX_LIBRARY = "libc++";
				CLANG_ENABLE_MODULES = YES;
				CLANG_ENABLE_OBJC_ARC = YES;
				CLANG_ENABLE_OBJC_WEAK = YES;
				CLANG_WARN_BLOCK_CAPTURE_AUTORELEASING = YES;
				CLANG_WARN_BOOL_CONVERSION = YES;
				CLANG_WARN_COMMA = YES;
				CLANG_WARN_CONSTANT_CONVERSION = YES;
				CLANG_WARN_DEPRECATED_OBJC_IMPLEMENTATIONS = YES;
				CLANG_WARN_DIRECT_OBJC_ISA_USAGE = YES_ERROR;
				CLANG_WARN_DOCUMENTATION_COMMENTS = YES;
				CLANG_WARN_EMPTY_BODY = YES;
				CLANG_WARN_ENUM_CONVERSION = YES;
				CLANG_WARN_INFINITE_RECURSION = YES;
				CLANG_WARN_INT_CONVERSION = YES;
				CLANG_WARN_NON_LITERAL_NULL_CONVERSION = YES;
				CLANG_WARN_OBJC_IMPLICIT_RETAIN_SELF = YES;
				CLANG_WARN_OBJC_LITERAL_CONVERSION = YES;
				CLANG_WARN_OBJC_ROOT_CLASS = YES_ERROR;
				CLANG_WARN_RANGE_LOOP_ANALYSIS = YES;
				CLANG_WARN_STRICT_PROTOTYPES = YES;
				CLANG_WARN_SUSPICIOUS_MOVE = YES;
				CLANG_WARN_UNGUARDED_AVAILABILITY = YES_AGGRESSIVE;
				CLANG_WARN_UNREACHABLE_CODE = YES;
				CLANG_WARN__DUPLICATE_METHOD_MATCH = YES;
				CODE_SIGN_IDENTITY = "iPhone Developer";
				COPY_PHASE_STRIP = NO;
				DEBUG_INFORMATION_FORMAT = dwarf;
				ENABLE_STRICT_OBJC_MSGSEND = YES;
				ENABLE_TESTABILITY = YES;
				GCC_C_LANGUAGE_STANDARD = gnu11;
				GCC_DYNAMIC_NO_PIC = NO;
				GCC_NO_COMMON_BLOCKS = YES;
				GCC_OPTIMIZATION_LEVEL = 0;
				GCC_PREPROCESSOR_DEFINITIONS = (
					"DEBUG=1",
					"$(inherited)",
				);
				GCC_WARN_64_TO_32_BIT_CONVERSION = YES;
				GCC_WARN_ABOUT_RETURN_TYPE = YES_ERROR;
				GCC_WARN_UNDECLARED_SELECTOR = YES;
				GCC_WARN_UNINITIALIZED_AUTOS = YES_AGGRESSIVE;
				GCC_WARN_UNUSED_FUNCTION = YES;
				GCC_WARN_UNUSED_VARIABLE = YES;
				IPHONEOS_DEPLOYMENT_TARGET = 11.4;
				MTL_ENABLE_DEBUG_INFO = YES;
				ONLY_ACTIVE_ARCH = YES;
				SDKROOT = iphoneos;
				SWIFT_ACTIVE_COMPILATION_CONDITIONS = DEBUG;
				SWIFT_OPTIMIZATION_LEVEL = "-Onone";
			};
			name = Debug;
		};
		907C242B20E4062B00396739 /* Release */ = {
			isa = XCBuildConfiguration;
			buildSettings = {
				ALWAYS_SEARCH_USER_PATHS = NO;
				CLANG_ANALYZER_NONNULL = YES;
				CLANG_ANALYZER_NUMBER_OBJECT_CONVERSION = YES_AGGRESSIVE;
				CLANG_CXX_LANGUAGE_STANDARD = "gnu++14";
				CLANG_CXX_LIBRARY = "libc++";
				CLANG_ENABLE_MODULES = YES;
				CLANG_ENABLE_OBJC_ARC = YES;
				CLANG_ENABLE_OBJC_WEAK = YES;
				CLANG_WARN_BLOCK_CAPTURE_AUTORELEASING = YES;
				CLANG_WARN_BOOL_CONVERSION = YES;
				CLANG_WARN_COMMA = YES;
				CLANG_WARN_CONSTANT_CONVERSION = YES;
				CLANG_WARN_DEPRECATED_OBJC_IMPLEMENTATIONS = YES;
				CLANG_WARN_DIRECT_OBJC_ISA_USAGE = YES_ERROR;
				CLANG_WARN_DOCUMENTATION_COMMENTS = YES;
				CLANG_WARN_EMPTY_BODY = YES;
				CLANG_WARN_ENUM_CONVERSION = YES;
				CLANG_WARN_INFINITE_RECURSION = YES;
				CLANG_WARN_INT_CONVERSION = YES;
				CLANG_WARN_NON_LITERAL_NULL_CONVERSION = YES;
				CLANG_WARN_OBJC_IMPLICIT_RETAIN_SELF = YES;
				CLANG_WARN_OBJC_LITERAL_CONVERSION = YES;
				CLANG_WARN_OBJC_ROOT_CLASS = YES_ERROR;
				CLANG_WARN_RANGE_LOOP_ANALYSIS = YES;
				CLANG_WARN_STRICT_PROTOTYPES = YES;
				CLANG_WARN_SUSPICIOUS_MOVE = YES;
				CLANG_WARN_UNGUARDED_AVAILABILITY = YES_AGGRESSIVE;
				CLANG_WARN_UNREACHABLE_CODE = YES;
				CLANG_WARN__DUPLICATE_METHOD_MATCH = YES;
				CODE_SIGN_IDENTITY = "iPhone Developer";
				COPY_PHASE_STRIP = NO;
				DEBUG_INFORMATION_FORMAT = "dwarf-with-dsym";
				ENABLE_NS_ASSERTIONS = NO;
				ENABLE_STRICT_OBJC_MSGSEND = YES;
				GCC_C_LANGUAGE_STANDARD = gnu11;
				GCC_NO_COMMON_BLOCKS = YES;
				GCC_WARN_64_TO_32_BIT_CONVERSION = YES;
				GCC_WARN_ABOUT_RETURN_TYPE = YES_ERROR;
				GCC_WARN_UNDECLARED_SELECTOR = YES;
				GCC_WARN_UNINITIALIZED_AUTOS = YES_AGGRESSIVE;
				GCC_WARN_UNUSED_FUNCTION = YES;
				GCC_WARN_UNUSED_VARIABLE = YES;
				IPHONEOS_DEPLOYMENT_TARGET = 11.4;
				MTL_ENABLE_DEBUG_INFO = NO;
				SDKROOT = iphoneos;
				SWIFT_COMPILATION_MODE = wholemodule;
				SWIFT_OPTIMIZATION_LEVEL = "-O";
				VALIDATE_PRODUCT = YES;
			};
			name = Release;
		};
		907C242D20E4062B00396739 /* Debug */ = {
			isa = XCBuildConfiguration;
			buildSettings = {
				ASSETCATALOG_COMPILER_APPICON_NAME = AppIcon;
				CODE_SIGN_STYLE = Automatic;
				DEVELOPMENT_TEAM = HEF9E2MMFK;
				INFOPLIST_FILE = Supermarket/Info.plist;
				LD_RUNPATH_SEARCH_PATHS = (
					"$(inherited)",
					"@executable_path/Frameworks",
				);
				PRODUCT_BUNDLE_IDENTIFIER = k.koleno.Supermarket;
				PRODUCT_NAME = "$(TARGET_NAME)";
				SWIFT_VERSION = 4.0;
				TARGETED_DEVICE_FAMILY = "1,2";
			};
			name = Debug;
		};
		907C242E20E4062B00396739 /* Release */ = {
			isa = XCBuildConfiguration;
			buildSettings = {
				ASSETCATALOG_COMPILER_APPICON_NAME = AppIcon;
				CODE_SIGN_STYLE = Automatic;
				DEVELOPMENT_TEAM = HEF9E2MMFK;
				INFOPLIST_FILE = Supermarket/Info.plist;
				LD_RUNPATH_SEARCH_PATHS = (
					"$(inherited)",
					"@executable_path/Frameworks",
				);
				PRODUCT_BUNDLE_IDENTIFIER = k.koleno.Supermarket;
				PRODUCT_NAME = "$(TARGET_NAME)";
				SWIFT_VERSION = 4.0;
				TARGETED_DEVICE_FAMILY = "1,2";
			};
			name = Release;
		};
/* End XCBuildConfiguration section */

/* Begin XCConfigurationList section */
		907C241520E4062900396739 /* Build configuration list for PBXProject "Supermarket" */ = {
			isa = XCConfigurationList;
			buildConfigurations = (
				907C242A20E4062B00396739 /* Debug */,
				907C242B20E4062B00396739 /* Release */,
			);
			defaultConfigurationIsVisible = 0;
			defaultConfigurationName = Release;
		};
		907C242C20E4062B00396739 /* Build configuration list for PBXNativeTarget "Supermarket" */ = {
			isa = XCConfigurationList;
			buildConfigurations = (
				907C242D20E4062B00396739 /* Debug */,
				907C242E20E4062B00396739 /* Release */,
			);
			defaultConfigurationIsVisible = 0;
			defaultConfigurationName = Release;
		};
/* End XCConfigurationList section */
	};
	rootObject = 907C241220E4062900396739 /* Project object */;
}
